
Microsoft Visual Studio Solution File, Format Version 12.00
# Visual Studio Version 17
VisualStudioVersion = 17.14.35906.104 d17.14
MinimumVisualStudioVersion = 10.0.40219.1
Project("{FAE04EC0-301F-11D3-BF4B-00C04F79EFBC}") = "LanpinPEISO", "LanpinPEISO\LanpinPEISO.csproj", "{96C5F87D-A1CD-4078-A5E0-6A204366ECF0}"
EndProject
Global
	GlobalSection(SolutionConfigurationPlatforms) = preSolution
		Debug|Any CPU = Debug|Any CPU
		Release|Any CPU = Release|Any CPU
	EndGlobalSection
	GlobalSection(ProjectConfigurationPlatforms) = postSolution
		{96C5F87D-A1CD-4078-A5E0-6A204366ECF0}.Debug|Any CPU.ActiveCfg = Debug|Any CPU
		{96C5F87D-A1CD-4078-A5E0-6A204366ECF0}.Debug|Any CPU.Build.0 = Debug|Any CPU
		{96C5F87D-A1CD-4078-A5E0-6A204366ECF0}.Release|Any CPU.ActiveCfg = Release|Any CPU
		{96C5F87D-A1CD-4078-A5E0-6A204366ECF0}.Release|Any CPU.Build.0 = Release|Any CPU
	EndGlobalSection
	GlobalSection(SolutionProperties) = preSolution
		HideSolutionNode = FALSE
	EndGlobalSection
	GlobalSection(ExtensibilityGlobals) = postSolution
		SolutionGuid = {E1DFB57C-447B-49E2-BCD8-64E3F573ABA2}
	EndGlobalSection
EndGlobal
